
Microsoft Visual Studio Solution File, Format Version 12.00
# Visual Studio Version 16
VisualStudioVersion = 16.0.30011.22
MinimumVisualStudioVersion = 10.0.40219.1
Project("{FAE04EC0-301F-11D3-BF4B-00C04F79EFBC}") = "SurvivalGame", "SurvivalGame\SurvivalGame.csproj", "{B6C0BF04-5E7F-49F9-9882-11B0BDDDBF68}"
EndProject
Global
	GlobalSection(SolutionConfigurationPlatforms) = preSolution
		Debug|Any CPU = Debug|Any CPU
		Release|Any CPU = Release|Any CPU
	EndGlobalSection
	GlobalSection(ProjectConfigurationPlatforms) = postSolution
		{B6C0BF04-5E7F-49F9-9882-11B0BDDDBF68}.Debug|Any CPU.ActiveCfg = Debug|Any CPU
		{B6C0BF04-5E7F-49F9-9882-11B0BDDDBF68}.Debug|Any CPU.Build.0 = Debug|Any CPU
		{B6C0BF04-5E7F-49F9-9882-11B0BDDDBF68}.Release|Any CPU.ActiveCfg = Release|Any CPU
		{B6C0BF04-5E7F-49F9-9882-11B0BDDDBF68}.Release|Any CPU.Build.0 = Release|Any CPU
	EndGlobalSection
	GlobalSection(SolutionProperties) = preSolution
		HideSolutionNode = FALSE
	EndGlobalSection
	GlobalSection(ExtensibilityGlobals) = postSolution
		SolutionGuid = {92716859-4940-4C74-B431-4B7E4757435E}
	EndGlobalSection
EndGlobal
